// !$*UTF8*$!
{
	archiveVersion = 1;
	classes = {
	};
	objectVersion = 46;
	objects = {

/* Begin PBXBuildFile section */
		5F01B7AB1AB7BB4F00EB02F4 /* BFColorPickerPopover.m in Sources */ = {isa = PBXBuildFile; fileRef = 5F01B7A81AB7BB4F00EB02F4 /* BFColorPickerPopover.m */; };
		5F01B7AC1AB7BB4F00EB02F4 /* BFPopoverColorWell.m in Sources */ = {isa = PBXBuildFile; fileRef = 5F01B7AA1AB7BB4F00EB02F4 /* BFPopoverColorWell.m */; };
		5F01B7B41AB7BD3F00EB02F4 /* NSColor+BFColorPickerPopover.m in Sources */ = {isa = PBXBuildFile; fileRef = 5F01B7AF1AB7BD3F00EB02F4 /* NSColor+BFColorPickerPopover.m */; };
		5F01B7B51AB7BD3F00EB02F4 /* NSColorPanel+BFColorPickerPopover.m in Sources */ = {isa = PBXBuildFile; fileRef = 5F01B7B11AB7BD3F00EB02F4 /* NSColorPanel+BFColorPickerPopover.m */; };
		5F01B7B61AB7BD3F00EB02F4 /* NSColorWell+BFColorPickerPopover.m in Sources */ = {isa = PBXBuildFile; fileRef = 5F01B7B31AB7BD3F00EB02F4 /* NSColorWell+BFColorPickerPopover.m */; };
		5F01B7BD1AB7BD4700EB02F4 /* BFColorPickerPopoverView.m in Sources */ = {isa = PBXBuildFile; fileRef = 5F01B7B81AB7BD4700EB02F4 /* BFColorPickerPopoverView.m */; };
		5F01B7BE1AB7BD4700EB02F4 /* BFColorPickerViewController.m in Sources */ = {isa = PBXBuildFile; fileRef = 5F01B7BA1AB7BD4700EB02F4 /* BFColorPickerViewController.m */; };
		5F01B7BF1AB7BD4700EB02F4 /* BFIconTabBar.m in Sources */ = {isa = PBXBuildFile; fileRef = 5F01B7BC1AB7BD4700EB02F4 /* BFIconTabBar.m */; };
		5F01B7C21AB84FBD00EB02F4 /* MPASCIImageView.m in Sources */ = {isa = PBXBuildFile; fileRef = 5F01B7C11AB84FBD00EB02F4 /* MPASCIImageView.m */; };
		5F2A7F461AB73F12006F5CFB /* MPASCIImaginationAppDelegate.m in Sources */ = {isa = PBXBuildFile; fileRef = 5F2A7F451AB73F12006F5CFB /* MPASCIImaginationAppDelegate.m */; };
		5F2A7F481AB73F12006F5CFB /* main.m in Sources */ = {isa = PBXBuildFile; fileRef = 5F2A7F471AB73F12006F5CFB /* main.m */; };
		5F2A7F4B1AB73F12006F5CFB /* MPASCIImageEditorViewController.m in Sources */ = {isa = PBXBuildFile; fileRef = 5F2A7F4A1AB73F12006F5CFB /* MPASCIImageEditorViewController.m */; };
		5F2A7F4E1AB73F12006F5CFB /* MPASCIImageDocument.m in Sources */ = {isa = PBXBuildFile; fileRef = 5F2A7F4D1AB73F12006F5CFB /* MPASCIImageDocument.m */; };
		5F2A7F501AB73F12006F5CFB /* Images.xcassets in Resources */ = {isa = PBXBuildFile; fileRef = 5F2A7F4F1AB73F12006F5CFB /* Images.xcassets */; };
		5F2A7F531AB73F12006F5CFB /* Main.storyboard in Resources */ = {isa = PBXBuildFile; fileRef = 5F2A7F511AB73F12006F5CFB /* Main.storyboard */; };
		5F2A7F5F1AB73F12006F5CFB /* ASCIImaginationTests.m in Sources */ = {isa = PBXBuildFile; fileRef = 5F2A7F5E1AB73F12006F5CFB /* ASCIImaginationTests.m */; };
		5F2CD8801ABD9D24001A4B27 /* MPLayeredASCIImageRenderer.m in Sources */ = {isa = PBXBuildFile; fileRef = 5F2CD87F1ABD9D24001A4B27 /* MPLayeredASCIImageRenderer.m */; };
		5F2CD8CC1ABDA7F0001A4B27 /* main.m in Sources */ = {isa = PBXBuildFile; fileRef = 5F2CD8CB1ABDA7F0001A4B27 /* main.m */; };
		5F2CD8D21ABDA809001A4B27 /* asciimage in CopyFiles */ = {isa = PBXBuildFile; fileRef = 5F2CD8C91ABDA7F0001A4B27 /* asciimage */; settings = {ATTRIBUTES = (CodeSignOnCopy, ); }; };
		5F2CD8D31ABDA822001A4B27 /* MPLayeredASCIImageRenderer.m in Sources */ = {isa = PBXBuildFile; fileRef = 5F2CD87F1ABD9D24001A4B27 /* MPLayeredASCIImageRenderer.m */; };
		5F2CD8D41ABDA825001A4B27 /* PARImage+ASCIIInput.m in Sources */ = {isa = PBXBuildFile; fileRef = 5F7A914F1AB7591E001E88DD /* PARImage+ASCIIInput.m */; };
		5F2CD8D51ABDA82B001A4B27 /* Cocoa.framework in Frameworks */ = {isa = PBXBuildFile; fileRef = 5F2CD8AB1ABDA129001A4B27 /* Cocoa.framework */; };
		5F2CD8D81ABDA834001A4B27 /* libArgumentParser-Static.a in Frameworks */ = {isa = PBXBuildFile; fileRef = 5F2CD8BF1ABDA317001A4B27 /* libArgumentParser-Static.a */; };
		5F2CD8DA1ABDAE7A001A4B27 /* NSString+ASCII.m in Sources */ = {isa = PBXBuildFile; fileRef = 5F7A91521AB75EE0001E88DD /* NSString+ASCII.m */; };
		5F7A91451AB745D4001E88DD /* MPASCIImagePreviewViewController.m in Sources */ = {isa = PBXBuildFile; fileRef = 5F7A91441AB745D4001E88DD /* MPASCIImagePreviewViewController.m */; };
		5F7A91491AB7461B001E88DD /* MPASCIImageTextViewController.m in Sources */ = {isa = PBXBuildFile; fileRef = 5F7A91471AB7461B001E88DD /* MPASCIImageTextViewController.m */; };
		5F7A91501AB7591E001E88DD /* PARImage+ASCIIInput.m in Sources */ = {isa = PBXBuildFile; fileRef = 5F7A914F1AB7591E001E88DD /* PARImage+ASCIIInput.m */; };
		5F7A91531AB75EE0001E88DD /* NSString+ASCII.m in Sources */ = {isa = PBXBuildFile; fileRef = 5F7A91521AB75EE0001E88DD /* NSString+ASCII.m */; };
		5F7A91581AB7B604001E88DD /* MASPreferencesWindow.xib in Resources */ = {isa = PBXBuildFile; fileRef = 5F7A91551AB7B604001E88DD /* MASPreferencesWindow.xib */; };
		5F7A91591AB7B604001E88DD /* MASPreferencesWindowController.m in Sources */ = {isa = PBXBuildFile; fileRef = 5F7A91571AB7B604001E88DD /* MASPreferencesWindowController.m */; };
		5F7A915E1AB7B679001E88DD /* MPGeneralPreferencesViewController.m in Sources */ = {isa = PBXBuildFile; fileRef = 5F7A915C1AB7B679001E88DD /* MPGeneralPreferencesViewController.m */; };
		5F7A915F1AB7B679001E88DD /* MPGeneralPreferencesViewController.xib in Resources */ = {isa = PBXBuildFile; fileRef = 5F7A915D1AB7B679001E88DD /* MPGeneralPreferencesViewController.xib */; };
		5FA20A211AB9D1D1006A0DC6 /* HockeySDK.framework in Frameworks */ = {isa = PBXBuildFile; fileRef = 5FA20A201AB9D1D1006A0DC6 /* HockeySDK.framework */; };
		5FA20A3F1AB9D5A5006A0DC6 /* Sparkle.framework in Frameworks */ = {isa = PBXBuildFile; fileRef = 5FA20A331AB9D578006A0DC6 /* Sparkle.framework */; };
		5FA20A441AB9D6DE006A0DC6 /* com.andymatuschak.Sparkle.SandboxService.xpc in Copy XPC Services */ = {isa = PBXBuildFile; fileRef = 5FA20A431AB9D6DE006A0DC6 /* com.andymatuschak.Sparkle.SandboxService.xpc */; settings = {ATTRIBUTES = (CodeSignOnCopy, RemoveHeadersOnCopy, ); }; };
		5FA20A491AB9D7C9006A0DC6 /* Sparkle.framework in Copy Frameworks */ = {isa = PBXBuildFile; fileRef = 5FA20A331AB9D578006A0DC6 /* Sparkle.framework */; settings = {ATTRIBUTES = (CodeSignOnCopy, RemoveHeadersOnCopy, ); }; };
		5FA20A4B1AB9D846006A0DC6 /* HockeySDK.framework in Copy Frameworks */ = {isa = PBXBuildFile; fileRef = 5FA20A201AB9D1D1006A0DC6 /* HockeySDK.framework */; settings = {ATTRIBUTES = (CodeSignOnCopy, RemoveHeadersOnCopy, ); }; };
		5FB8CA2D1AB98DB30047ECF3 /* GenerateThumbnailForURL.m in Sources */ = {isa = PBXBuildFile; fileRef = 5FB8CA2C1AB98DB30047ECF3 /* GenerateThumbnailForURL.m */; };
		5FB8CA2F1AB98DB30047ECF3 /* GeneratePreviewForURL.m in Sources */ = {isa = PBXBuildFile; fileRef = 5FB8CA2E1AB98DB30047ECF3 /* GeneratePreviewForURL.m */; };
		5FB8CA311AB98DB30047ECF3 /* main.c in Sources */ = {isa = PBXBuildFile; fileRef = 5FB8CA301AB98DB30047ECF3 /* main.c */; };
		5FB8CA351AB98EFC0047ECF3 /* PARImage+ASCIIInput.m in Sources */ = {isa = PBXBuildFile; fileRef = 5F7A914F1AB7591E001E88DD /* PARImage+ASCIIInput.m */; };
		5FB8CA381AB9955A0047ECF3 /* MPASCIImagePreviewUtility.h in Headers */ = {isa = PBXBuildFile; fileRef = 5FB8CA361AB9955A0047ECF3 /* MPASCIImagePreviewUtility.h */; };
		5FB8CA391AB9955A0047ECF3 /* MPASCIImagePreviewUtility.m in Sources */ = {isa = PBXBuildFile; fileRef = 5FB8CA371AB9955A0047ECF3 /* MPASCIImagePreviewUtility.m */; };
		5FB8CA591AB998D40047ECF3 /* ASCIImageQuickLook.qlgenerator in CopyFiles */ = {isa = PBXBuildFile; fileRef = 5FB8CA281AB98DB30047ECF3 /* ASCIImageQuickLook.qlgenerator */; settings = {ATTRIBUTES = (CodeSignOnCopy, RemoveHeadersOnCopy, ); }; };
/* End PBXBuildFile section */

/* Begin PBXContainerItemProxy section */
		5F2A7F591AB73F12006F5CFB /* PBXContainerItemProxy */ = {
			isa = PBXContainerItemProxy;
			containerPortal = 5F2A7F371AB73F12006F5CFB /* Project object */;
			proxyType = 1;
			remoteGlobalIDString = 5F2A7F3E1AB73F12006F5CFB;
			remoteInfo = ASCIImagination;
		};
		5F2CD8B61ABDA317001A4B27 /* PBXContainerItemProxy */ = {
			isa = PBXContainerItemProxy;
			containerPortal = 5F2CD8AD1ABDA316001A4B27 /* ArgumentParser.xcodeproj */;
			proxyType = 2;
			remoteGlobalIDString = DACF2EC414FD3B2F0097C754;
			remoteInfo = desc;
		};
		5F2CD8B81ABDA317001A4B27 /* PBXContainerItemProxy */ = {
			isa = PBXContainerItemProxy;
			containerPortal = 5F2CD8AD1ABDA316001A4B27 /* ArgumentParser.xcodeproj */;
			proxyType = 2;
			remoteGlobalIDString = DACF2EDF14FD3B630097C754;
			remoteInfo = "long-desc";
		};
		5F2CD8BA1ABDA317001A4B27 /* PBXContainerItemProxy */ = {
			isa = PBXContainerItemProxy;
			containerPortal = 5F2CD8AD1ABDA316001A4B27 /* ArgumentParser.xcodeproj */;
			proxyType = 2;
			remoteGlobalIDString = DACF2EF214FD3B7A0097C754;
			remoteInfo = spiffy;
		};
		5F2CD8BC1ABDA317001A4B27 /* PBXContainerItemProxy */ = {
			isa = PBXContainerItemProxy;
			containerPortal = 5F2CD8AD1ABDA316001A4B27 /* ArgumentParser.xcodeproj */;
			proxyType = 2;
			remoteGlobalIDString = DA00447A155D94FF0028A012;
			remoteInfo = "ArgumentParser-Dynamic";
		};
		5F2CD8BE1ABDA317001A4B27 /* PBXContainerItemProxy */ = {
			isa = PBXContainerItemProxy;
			containerPortal = 5F2CD8AD1ABDA316001A4B27 /* ArgumentParser.xcodeproj */;
			proxyType = 2;
			remoteGlobalIDString = DA87348918970AB800113896;
			remoteInfo = "ArgumentParser-Static";
		};
		5F2CD8C01ABDA317001A4B27 /* PBXContainerItemProxy */ = {
			isa = PBXContainerItemProxy;
			containerPortal = 5F2CD8AD1ABDA316001A4B27 /* ArgumentParser.xcodeproj */;
			proxyType = 2;
			remoteGlobalIDString = DA01E2FF1A8471E20012BCAE;
			remoteInfo = "ArgumentParser-Dynamic Tests";
		};
		5F2CD8D01ABDA803001A4B27 /* PBXContainerItemProxy */ = {
			isa = PBXContainerItemProxy;
			containerPortal = 5F2A7F371AB73F12006F5CFB /* Project object */;
			proxyType = 1;
			remoteGlobalIDString = 5F2CD8C81ABDA7F0001A4B27;
			remoteInfo = asciimage;
		};
		5F2CD8D61ABDA82F001A4B27 /* PBXContainerItemProxy */ = {
			isa = PBXContainerItemProxy;
			containerPortal = 5F2CD8AD1ABDA316001A4B27 /* ArgumentParser.xcodeproj */;
			proxyType = 1;
			remoteGlobalIDString = DA87348818970AB800113896;
			remoteInfo = "ArgumentParser-Static";
		};
		5FA20A321AB9D578006A0DC6 /* PBXContainerItemProxy */ = {
			isa = PBXContainerItemProxy;
			containerPortal = 5FA20A271AB9D577006A0DC6 /* Sparkle.xcodeproj */;
			proxyType = 2;
			remoteGlobalIDString = 8DC2EF5B0486A6940098B216;
			remoteInfo = Sparkle;
		};
		5FA20A341AB9D578006A0DC6 /* PBXContainerItemProxy */ = {
			isa = PBXContainerItemProxy;
			containerPortal = 5FA20A271AB9D577006A0DC6 /* Sparkle.xcodeproj */;
			proxyType = 2;
			remoteGlobalIDString = 61B5F90209C4CEE200B25A18;
			remoteInfo = "Sparkle Test App";
		};
		5FA20A361AB9D578006A0DC6 /* PBXContainerItemProxy */ = {
			isa = PBXContainerItemProxy;
			containerPortal = 5FA20A271AB9D577006A0DC6 /* Sparkle.xcodeproj */;
			proxyType = 2;
			remoteGlobalIDString = 612279D90DB5470200AB99EA;
			remoteInfo = "Sparkle Unit Tests";
		};
		5FA20A381AB9D578006A0DC6 /* PBXContainerItemProxy */ = {
			isa = PBXContainerItemProxy;
			containerPortal = 5FA20A271AB9D577006A0DC6 /* Sparkle.xcodeproj */;
			proxyType = 2;
			remoteGlobalIDString = 5D06E8D00FD68C7C005AE3F6;
			remoteInfo = BinaryDelta;
		};
		5FA20A3A1AB9D578006A0DC6 /* PBXContainerItemProxy */ = {
			isa = PBXContainerItemProxy;
			containerPortal = 5FA20A271AB9D577006A0DC6 /* Sparkle.xcodeproj */;
			proxyType = 2;
			remoteGlobalIDString = 55C14BB7136EEF1500649790;
			remoteInfo = Autoupdate;
		};
		5FA20A3D1AB9D59C006A0DC6 /* PBXContainerItemProxy */ = {
			isa = PBXContainerItemProxy;
			containerPortal = 5FA20A271AB9D577006A0DC6 /* Sparkle.xcodeproj */;
			proxyType = 1;
			remoteGlobalIDString = 8DC2EF4F0486A6940098B216;
			remoteInfo = Sparkle;
		};
		5FA20A421AB9D6DE006A0DC6 /* PBXContainerItemProxy */ = {
			isa = PBXContainerItemProxy;
			containerPortal = 5FA20A271AB9D577006A0DC6 /* Sparkle.xcodeproj */;
			proxyType = 2;
			remoteGlobalIDString = 8B887B5E1517F3AB000BB292;
			remoteInfo = sandbox_service;
		};
		5FA20A451AB9D6E5006A0DC6 /* PBXContainerItemProxy */ = {
			isa = PBXContainerItemProxy;
			containerPortal = 5FA20A271AB9D577006A0DC6 /* Sparkle.xcodeproj */;
			proxyType = 1;
			remoteGlobalIDString = 8B887B5D1517F3AB000BB292;
			remoteInfo = sandbox_service;
		};
		5FB8CA5A1AB99F220047ECF3 /* PBXContainerItemProxy */ = {
			isa = PBXContainerItemProxy;
			containerPortal = 5F2A7F371AB73F12006F5CFB /* Project object */;
			proxyType = 1;
			remoteGlobalIDString = 5FB8CA271AB98DB30047ECF3;
			remoteInfo = ASCIImageQuickLook;
		};
/* End PBXContainerItemProxy section */

/* Begin PBXCopyFilesBuildPhase section */
		5F2CD88C1ABD9E6A001A4B27 /* CopyFiles */ = {
			isa = PBXCopyFilesBuildPhase;
			buildActionMask = 2147483647;
			dstPath = "";
			dstSubfolderSpec = 6;
			files = (
				5F2CD8D21ABDA809001A4B27 /* asciimage in CopyFiles */,
			);
			runOnlyForDeploymentPostprocessing = 0;
		};
		5F2CD8C71ABDA7F0001A4B27 /* CopyFiles */ = {
			isa = PBXCopyFilesBuildPhase;
			buildActionMask = 2147483647;
			dstPath = /usr/share/man/man1/;
			dstSubfolderSpec = 0;
			files = (
			);
			runOnlyForDeploymentPostprocessing = 1;
		};
		5FA20A401AB9D651006A0DC6 /* Copy XPC Services */ = {
			isa = PBXCopyFilesBuildPhase;
			buildActionMask = 2147483647;
			dstPath = Contents/XPCServices;
			dstSubfolderSpec = 1;
			files = (
				5FA20A441AB9D6DE006A0DC6 /* com.andymatuschak.Sparkle.SandboxService.xpc in Copy XPC Services */,
			);
			name = "Copy XPC Services";
			runOnlyForDeploymentPostprocessing = 0;
		};
		5FA20A481AB9D7BA006A0DC6 /* Copy Frameworks */ = {
			isa = PBXCopyFilesBuildPhase;
			buildActionMask = 2147483647;
			dstPath = "";
			dstSubfolderSpec = 10;
			files = (
				5FA20A491AB9D7C9006A0DC6 /* Sparkle.framework in Copy Frameworks */,
				5FA20A4B1AB9D846006A0DC6 /* HockeySDK.framework in Copy Frameworks */,
			);
			name = "Copy Frameworks";
			runOnlyForDeploymentPostprocessing = 0;
		};
		5FB8CA3A1AB997A10047ECF3 /* CopyFiles */ = {
			isa = PBXCopyFilesBuildPhase;
			buildActionMask = 2147483647;
			dstPath = Contents/Library/QuickLook;
			dstSubfolderSpec = 1;
			files = (
				5FB8CA591AB998D40047ECF3 /* ASCIImageQuickLook.qlgenerator in CopyFiles */,
			);
			runOnlyForDeploymentPostprocessing = 0;
		};
/* End PBXCopyFilesBuildPhase section */

/* Begin PBXFileReference section */
		5F01B7A71AB7BB4F00EB02F4 /* BFColorPickerPopover.h */ = {isa = PBXFileReference; fileEncoding = 4; lastKnownFileType = sourcecode.c.h; name = BFColorPickerPopover.h; path = External/BFColorPickerPopover/BFColorPickerPopover/BFColorPickerPopover.h; sourceTree = "<group>"; };
		5F01B7A81AB7BB4F00EB02F4 /* BFColorPickerPopover.m */ = {isa = PBXFileReference; fileEncoding = 4; lastKnownFileType = sourcecode.c.objc; name = BFColorPickerPopover.m; path = External/BFColorPickerPopover/BFColorPickerPopover/BFColorPickerPopover.m; sourceTree = "<group>"; };
		5F01B7A91AB7BB4F00EB02F4 /* BFPopoverColorWell.h */ = {isa = PBXFileReference; fileEncoding = 4; lastKnownFileType = sourcecode.c.h; name = BFPopoverColorWell.h; path = External/BFColorPickerPopover/BFColorPickerPopover/BFPopoverColorWell.h; sourceTree = "<group>"; };
		5F01B7AA1AB7BB4F00EB02F4 /* BFPopoverColorWell.m */ = {isa = PBXFileReference; fileEncoding = 4; lastKnownFileType = sourcecode.c.objc; name = BFPopoverColorWell.m; path = External/BFColorPickerPopover/BFColorPickerPopover/BFPopoverColorWell.m; sourceTree = "<group>"; };
		5F01B7AE1AB7BD3F00EB02F4 /* NSColor+BFColorPickerPopover.h */ = {isa = PBXFileReference; fileEncoding = 4; lastKnownFileType = sourcecode.c.h; name = "NSColor+BFColorPickerPopover.h"; path = "External/BFColorPickerPopover/BFColorPickerPopover/Extensions/NSColor+BFColorPickerPopover.h"; sourceTree = "<group>"; };
		5F01B7AF1AB7BD3F00EB02F4 /* NSColor+BFColorPickerPopover.m */ = {isa = PBXFileReference; fileEncoding = 4; lastKnownFileType = sourcecode.c.objc; name = "NSColor+BFColorPickerPopover.m"; path = "External/BFColorPickerPopover/BFColorPickerPopover/Extensions/NSColor+BFColorPickerPopover.m"; sourceTree = "<group>"; };
		5F01B7B01AB7BD3F00EB02F4 /* NSColorPanel+BFColorPickerPopover.h */ = {isa = PBXFileReference; fileEncoding = 4; lastKnownFileType = sourcecode.c.h; name = "NSColorPanel+BFColorPickerPopover.h"; path = "External/BFColorPickerPopover/BFColorPickerPopover/Extensions/NSColorPanel+BFColorPickerPopover.h"; sourceTree = "<group>"; };
		5F01B7B11AB7BD3F00EB02F4 /* NSColorPanel+BFColorPickerPopover.m */ = {isa = PBXFileReference; fileEncoding = 4; lastKnownFileType = sourcecode.c.objc; name = "NSColorPanel+BFColorPickerPopover.m"; path = "External/BFColorPickerPopover/BFColorPickerPopover/Extensions/NSColorPanel+BFColorPickerPopover.m"; sourceTree = "<group>"; };
		5F01B7B21AB7BD3F00EB02F4 /* NSColorWell+BFColorPickerPopover.h */ = {isa = PBXFileReference; fileEncoding = 4; lastKnownFileType = sourcecode.c.h; name = "NSColorWell+BFColorPickerPopover.h"; path = "External/BFColorPickerPopover/BFColorPickerPopover/Extensions/NSColorWell+BFColorPickerPopover.h"; sourceTree = "<group>"; };
		5F01B7B31AB7BD3F00EB02F4 /* NSColorWell+BFColorPickerPopover.m */ = {isa = PBXFileReference; fileEncoding = 4; lastKnownFileType = sourcecode.c.objc; name = "NSColorWell+BFColorPickerPopover.m"; path = "External/BFColorPickerPopover/BFColorPickerPopover/Extensions/NSColorWell+BFColorPickerPopover.m"; sourceTree = "<group>"; };
		5F01B7B71AB7BD4700EB02F4 /* BFColorPickerPopoverView.h */ = {isa = PBXFileReference; fileEncoding = 4; lastKnownFileType = sourcecode.c.h; name = BFColorPickerPopoverView.h; path = "External/BFColorPickerPopover/BFColorPickerPopover/Helper Classes/BFColorPickerPopoverView.h"; sourceTree = "<group>"; };
		5F01B7B81AB7BD4700EB02F4 /* BFColorPickerPopoverView.m */ = {isa = PBXFileReference; fileEncoding = 4; lastKnownFileType = sourcecode.c.objc; name = BFColorPickerPopoverView.m; path = "External/BFColorPickerPopover/BFColorPickerPopover/Helper Classes/BFColorPickerPopoverView.m"; sourceTree = "<group>"; };
		5F01B7B91AB7BD4700EB02F4 /* BFColorPickerViewController.h */ = {isa = PBXFileReference; fileEncoding = 4; lastKnownFileType = sourcecode.c.h; name = BFColorPickerViewController.h; path = "External/BFColorPickerPopover/BFColorPickerPopover/Helper Classes/BFColorPickerViewController.h"; sourceTree = "<group>"; };
		5F01B7BA1AB7BD4700EB02F4 /* BFColorPickerViewController.m */ = {isa = PBXFileReference; fileEncoding = 4; lastKnownFileType = sourcecode.c.objc; name = BFColorPickerViewController.m; path = "External/BFColorPickerPopover/BFColorPickerPopover/Helper Classes/BFColorPickerViewController.m"; sourceTree = "<group>"; };
		5F01B7BB1AB7BD4700EB02F4 /* BFIconTabBar.h */ = {isa = PBXFileReference; fileEncoding = 4; lastKnownFileType = sourcecode.c.h; name = BFIconTabBar.h; path = "External/BFColorPickerPopover/BFColorPickerPopover/Helper Classes/BFIconTabBar.h"; sourceTree = "<group>"; };
		5F01B7BC1AB7BD4700EB02F4 /* BFIconTabBar.m */ = {isa = PBXFileReference; fileEncoding = 4; lastKnownFileType = sourcecode.c.objc; name = BFIconTabBar.m; path = "External/BFColorPickerPopover/BFColorPickerPopover/Helper Classes/BFIconTabBar.m"; sourceTree = "<group>"; };
		5F01B7C01AB84FBD00EB02F4 /* MPASCIImageView.h */ = {isa = PBXFileReference; fileEncoding = 4; lastKnownFileType = sourcecode.c.h; path = MPASCIImageView.h; sourceTree = "<group>"; };
		5F01B7C11AB84FBD00EB02F4 /* MPASCIImageView.m */ = {isa = PBXFileReference; fileEncoding = 4; lastKnownFileType = sourcecode.c.objc; path = MPASCIImageView.m; sourceTree = "<group>"; };
		5F2A7F3F1AB73F12006F5CFB /* ASCIImage Super Studio.app */ = {isa = PBXFileReference; explicitFileType = wrapper.application; includeInIndex = 0; path = "ASCIImage Super Studio.app"; sourceTree = BUILT_PRODUCTS_DIR; };
		5F2A7F431AB73F12006F5CFB /* Info.plist */ = {isa = PBXFileReference; lastKnownFileType = text.plist.xml; path = Info.plist; sourceTree = "<group>"; };
		5F2A7F441AB73F12006F5CFB /* MPASCIImaginationAppDelegate.h */ = {isa = PBXFileReference; lastKnownFileType = sourcecode.c.h; path = MPASCIImaginationAppDelegate.h; sourceTree = "<group>"; };
		5F2A7F451AB73F12006F5CFB /* MPASCIImaginationAppDelegate.m */ = {isa = PBXFileReference; lastKnownFileType = sourcecode.c.objc; path = MPASCIImaginationAppDelegate.m; sourceTree = "<group>"; };
		5F2A7F471AB73F12006F5CFB /* main.m */ = {isa = PBXFileReference; lastKnownFileType = sourcecode.c.objc; path = main.m; sourceTree = "<group>"; };
		5F2A7F491AB73F12006F5CFB /* MPASCIImageEditorViewController.h */ = {isa = PBXFileReference; lastKnownFileType = sourcecode.c.h; path = MPASCIImageEditorViewController.h; sourceTree = "<group>"; };
		5F2A7F4A1AB73F12006F5CFB /* MPASCIImageEditorViewController.m */ = {isa = PBXFileReference; lastKnownFileType = sourcecode.c.objc; path = MPASCIImageEditorViewController.m; sourceTree = "<group>"; };
		5F2A7F4C1AB73F12006F5CFB /* MPASCIImageDocument.h */ = {isa = PBXFileReference; lastKnownFileType = sourcecode.c.h; path = MPASCIImageDocument.h; sourceTree = "<group>"; };
		5F2A7F4D1AB73F12006F5CFB /* MPASCIImageDocument.m */ = {isa = PBXFileReference; lastKnownFileType = sourcecode.c.objc; path = MPASCIImageDocument.m; sourceTree = "<group>"; };
		5F2A7F4F1AB73F12006F5CFB /* Images.xcassets */ = {isa = PBXFileReference; lastKnownFileType = folder.assetcatalog; path = Images.xcassets; sourceTree = "<group>"; };
		5F2A7F521AB73F12006F5CFB /* Base */ = {isa = PBXFileReference; lastKnownFileType = file.storyboard; name = Base; path = Base.lproj/Main.storyboard; sourceTree = "<group>"; };
		5F2A7F581AB73F12006F5CFB /* ASCIImage Super Studio Tests.xctest */ = {isa = PBXFileReference; explicitFileType = wrapper.cfbundle; includeInIndex = 0; path = "ASCIImage Super Studio Tests.xctest"; sourceTree = BUILT_PRODUCTS_DIR; };
		5F2A7F5D1AB73F12006F5CFB /* Info.plist */ = {isa = PBXFileReference; lastKnownFileType = text.plist.xml; path = Info.plist; sourceTree = "<group>"; };
		5F2A7F5E1AB73F12006F5CFB /* ASCIImaginationTests.m */ = {isa = PBXFileReference; lastKnownFileType = sourcecode.c.objc; path = ASCIImaginationTests.m; sourceTree = "<group>"; };
		5F2CD87E1ABD9D24001A4B27 /* MPLayeredASCIImageRenderer.h */ = {isa = PBXFileReference; fileEncoding = 4; lastKnownFileType = sourcecode.c.h; path = MPLayeredASCIImageRenderer.h; sourceTree = "<group>"; };
		5F2CD87F1ABD9D24001A4B27 /* MPLayeredASCIImageRenderer.m */ = {isa = PBXFileReference; fileEncoding = 4; lastKnownFileType = sourcecode.c.objc; path = MPLayeredASCIImageRenderer.m; sourceTree = "<group>"; };
		5F2CD8AB1ABDA129001A4B27 /* Cocoa.framework */ = {isa = PBXFileReference; lastKnownFileType = wrapper.framework; name = Cocoa.framework; path = System/Library/Frameworks/Cocoa.framework; sourceTree = SDKROOT; };
		5F2CD8AD1ABDA316001A4B27 /* ArgumentParser.xcodeproj */ = {isa = PBXFileReference; lastKnownFileType = "wrapper.pb-project"; name = ArgumentParser.xcodeproj; path = External/ArgumentParser/ArgumentParser.xcodeproj; sourceTree = "<group>"; };
		5F2CD8C91ABDA7F0001A4B27 /* asciimage */ = {isa = PBXFileReference; explicitFileType = "compiled.mach-o.executable"; includeInIndex = 0; path = asciimage; sourceTree = BUILT_PRODUCTS_DIR; };
		5F2CD8CB1ABDA7F0001A4B27 /* main.m */ = {isa = PBXFileReference; lastKnownFileType = sourcecode.c.objc; path = main.m; sourceTree = "<group>"; };
		5F7A91431AB745D4001E88DD /* MPASCIImagePreviewViewController.h */ = {isa = PBXFileReference; fileEncoding = 4; lastKnownFileType = sourcecode.c.h; path = MPASCIImagePreviewViewController.h; sourceTree = "<group>"; };
		5F7A91441AB745D4001E88DD /* MPASCIImagePreviewViewController.m */ = {isa = PBXFileReference; fileEncoding = 4; lastKnownFileType = sourcecode.c.objc; path = MPASCIImagePreviewViewController.m; sourceTree = "<group>"; };
		5F7A91461AB7461B001E88DD /* MPASCIImageTextViewController.h */ = {isa = PBXFileReference; fileEncoding = 4; lastKnownFileType = sourcecode.c.h; path = MPASCIImageTextViewController.h; sourceTree = "<group>"; };
		5F7A91471AB7461B001E88DD /* MPASCIImageTextViewController.m */ = {isa = PBXFileReference; fileEncoding = 4; lastKnownFileType = sourcecode.c.objc; path = MPASCIImageTextViewController.m; sourceTree = "<group>"; };
		5F7A914E1AB7591E001E88DD /* PARImage+ASCIIInput.h */ = {isa = PBXFileReference; fileEncoding = 4; lastKnownFileType = sourcecode.c.h; name = "PARImage+ASCIIInput.h"; path = "External/ASCIImage/Core/PARImage+ASCIIInput.h"; sourceTree = "<group>"; };
		5F7A914F1AB7591E001E88DD /* PARImage+ASCIIInput.m */ = {isa = PBXFileReference; fileEncoding = 4; lastKnownFileType = sourcecode.c.objc; name = "PARImage+ASCIIInput.m"; path = "External/ASCIImage/Core/PARImage+ASCIIInput.m"; sourceTree = "<group>"; };
		5F7A91511AB75EE0001E88DD /* NSString+ASCII.h */ = {isa = PBXFileReference; fileEncoding = 4; lastKnownFileType = sourcecode.c.h; name = "NSString+ASCII.h"; path = "ASCIImagination/NSString+ASCII.h"; sourceTree = "<group>"; };
		5F7A91521AB75EE0001E88DD /* NSString+ASCII.m */ = {isa = PBXFileReference; fileEncoding = 4; lastKnownFileType = sourcecode.c.objc; name = "NSString+ASCII.m"; path = "ASCIImagination/NSString+ASCII.m"; sourceTree = "<group>"; };
		5F7A91541AB7B604001E88DD /* MASPreferencesViewController.h */ = {isa = PBXFileReference; fileEncoding = 4; lastKnownFileType = sourcecode.c.h; name = MASPreferencesViewController.h; path = External/MASPreferences/MASPreferencesViewController.h; sourceTree = "<group>"; };
		5F7A91551AB7B604001E88DD /* MASPreferencesWindow.xib */ = {isa = PBXFileReference; fileEncoding = 4; lastKnownFileType = file.xib; name = MASPreferencesWindow.xib; path = External/MASPreferences/MASPreferencesWindow.xib; sourceTree = "<group>"; };
		5F7A91561AB7B604001E88DD /* MASPreferencesWindowController.h */ = {isa = PBXFileReference; fileEncoding = 4; lastKnownFileType = sourcecode.c.h; name = MASPreferencesWindowController.h; path = External/MASPreferences/MASPreferencesWindowController.h; sourceTree = "<group>"; };
		5F7A91571AB7B604001E88DD /* MASPreferencesWindowController.m */ = {isa = PBXFileReference; fileEncoding = 4; lastKnownFileType = sourcecode.c.objc; name = MASPreferencesWindowController.m; path = External/MASPreferences/MASPreferencesWindowController.m; sourceTree = "<group>"; };
		5F7A915B1AB7B679001E88DD /* MPGeneralPreferencesViewController.h */ = {isa = PBXFileReference; fileEncoding = 4; lastKnownFileType = sourcecode.c.h; path = MPGeneralPreferencesViewController.h; sourceTree = "<group>"; };
		5F7A915C1AB7B679001E88DD /* MPGeneralPreferencesViewController.m */ = {isa = PBXFileReference; fileEncoding = 4; lastKnownFileType = sourcecode.c.objc; path = MPGeneralPreferencesViewController.m; sourceTree = "<group>"; };
		5F7A915D1AB7B679001E88DD /* MPGeneralPreferencesViewController.xib */ = {isa = PBXFileReference; fileEncoding = 4; lastKnownFileType = file.xib; path = MPGeneralPreferencesViewController.xib; sourceTree = "<group>"; };
		5FA20A201AB9D1D1006A0DC6 /* HockeySDK.framework */ = {isa = PBXFileReference; lastKnownFileType = wrapper.framework; name = HockeySDK.framework; path = "Libraries/HockeySDK-Mac/HockeySDK.framework"; sourceTree = SOURCE_ROOT; };
		5FA20A231AB9D3BD006A0DC6 /* ASCIImage Super Studio.entitlements */ = {isa = PBXFileReference; lastKnownFileType = text.xml; path = "ASCIImage Super Studio.entitlements"; sourceTree = "<group>"; };
		5FA20A271AB9D577006A0DC6 /* Sparkle.xcodeproj */ = {isa = PBXFileReference; lastKnownFileType = "wrapper.pb-project"; name = Sparkle.xcodeproj; path = External/Sparkle/Sparkle.xcodeproj; sourceTree = "<group>"; };
		5FB8CA281AB98DB30047ECF3 /* ASCIImageQuickLook.qlgenerator */ = {isa = PBXFileReference; explicitFileType = wrapper.cfbundle; includeInIndex = 0; path = ASCIImageQuickLook.qlgenerator; sourceTree = BUILT_PRODUCTS_DIR; };
		5FB8CA2B1AB98DB30047ECF3 /* Info.plist */ = {isa = PBXFileReference; lastKnownFileType = text.plist.xml; path = Info.plist; sourceTree = "<group>"; };
		5FB8CA2C1AB98DB30047ECF3 /* GenerateThumbnailForURL.m */ = {isa = PBXFileReference; lastKnownFileType = sourcecode.c.objc; path = GenerateThumbnailForURL.m; sourceTree = "<group>"; };
		5FB8CA2E1AB98DB30047ECF3 /* GeneratePreviewForURL.m */ = {isa = PBXFileReference; lastKnownFileType = sourcecode.c.objc; path = GeneratePreviewForURL.m; sourceTree = "<group>"; };
		5FB8CA301AB98DB30047ECF3 /* main.c */ = {isa = PBXFileReference; lastKnownFileType = sourcecode.c.c; path = main.c; sourceTree = "<group>"; };
		5FB8CA361AB9955A0047ECF3 /* MPASCIImagePreviewUtility.h */ = {isa = PBXFileReference; fileEncoding = 4; lastKnownFileType = sourcecode.c.h; path = MPASCIImagePreviewUtility.h; sourceTree = "<group>"; };
		5FB8CA371AB9955A0047ECF3 /* MPASCIImagePreviewUtility.m */ = {isa = PBXFileReference; fileEncoding = 4; lastKnownFileType = sourcecode.c.objc; path = MPASCIImagePreviewUtility.m; sourceTree = "<group>"; };
/* End PBXFileReference section */

/* Begin PBXFrameworksBuildPhase section */
		5F2A7F3C1AB73F12006F5CFB /* Frameworks */ = {
			isa = PBXFrameworksBuildPhase;
			buildActionMask = 2147483647;
			files = (
				5FA20A3F1AB9D5A5006A0DC6 /* Sparkle.framework in Frameworks */,
				5FA20A211AB9D1D1006A0DC6 /* HockeySDK.framework in Frameworks */,
			);
			runOnlyForDeploymentPostprocessing = 0;
		};
		5F2A7F551AB73F12006F5CFB /* Frameworks */ = {
			isa = PBXFrameworksBuildPhase;
			buildActionMask = 2147483647;
			files = (
			);
			runOnlyForDeploymentPostprocessing = 0;
		};
		5F2CD8C61ABDA7F0001A4B27 /* Frameworks */ = {
			isa = PBXFrameworksBuildPhase;
			buildActionMask = 2147483647;
			files = (
				5F2CD8D81ABDA834001A4B27 /* libArgumentParser-Static.a in Frameworks */,
				5F2CD8D51ABDA82B001A4B27 /* Cocoa.framework in Frameworks */,
			);
			runOnlyForDeploymentPostprocessing = 0;
		};
		5FB8CA241AB98DB30047ECF3 /* Frameworks */ = {
			isa = PBXFrameworksBuildPhase;
			buildActionMask = 2147483647;
			files = (
			);
			runOnlyForDeploymentPostprocessing = 0;
		};
/* End PBXFrameworksBuildPhase section */

/* Begin PBXGroup section */
		5F01B7AD1AB7BB5400EB02F4 /* BFColorPickerPopover */ = {
			isa = PBXGroup;
			children = (
				5F01B7B71AB7BD4700EB02F4 /* BFColorPickerPopoverView.h */,
				5F01B7B81AB7BD4700EB02F4 /* BFColorPickerPopoverView.m */,
				5F01B7B91AB7BD4700EB02F4 /* BFColorPickerViewController.h */,
				5F01B7BA1AB7BD4700EB02F4 /* BFColorPickerViewController.m */,
				5F01B7BB1AB7BD4700EB02F4 /* BFIconTabBar.h */,
				5F01B7BC1AB7BD4700EB02F4 /* BFIconTabBar.m */,
				5F01B7AE1AB7BD3F00EB02F4 /* NSColor+BFColorPickerPopover.h */,
				5F01B7AF1AB7BD3F00EB02F4 /* NSColor+BFColorPickerPopover.m */,
				5F01B7B01AB7BD3F00EB02F4 /* NSColorPanel+BFColorPickerPopover.h */,
				5F01B7B11AB7BD3F00EB02F4 /* NSColorPanel+BFColorPickerPopover.m */,
				5F01B7B21AB7BD3F00EB02F4 /* NSColorWell+BFColorPickerPopover.h */,
				5F01B7B31AB7BD3F00EB02F4 /* NSColorWell+BFColorPickerPopover.m */,
				5F01B7A71AB7BB4F00EB02F4 /* BFColorPickerPopover.h */,
				5F01B7A81AB7BB4F00EB02F4 /* BFColorPickerPopover.m */,
				5F01B7A91AB7BB4F00EB02F4 /* BFPopoverColorWell.h */,
				5F01B7AA1AB7BB4F00EB02F4 /* BFPopoverColorWell.m */,
			);
			name = BFColorPickerPopover;
			sourceTree = "<group>";
		};
		5F2A7F361AB73F12006F5CFB = {
			isa = PBXGroup;
			children = (
				5F2CD8CA1ABDA7F0001A4B27 /* asciimage */,
				5F2A7F411AB73F12006F5CFB /* ASCIImage Super Studio */,
				5FA20A261AB9D40D006A0DC6 /* Categories */,
				5FA20A241AB9D3EA006A0DC6 /* External */,
				5F2CD8D91ABDA855001A4B27 /* Frameworks */,
				5F2A7F401AB73F12006F5CFB /* Products */,
				5FB8CA291AB98DB30047ECF3 /* QuickLook */,
				5FA20A251AB9D3F9006A0DC6 /* Resources */,
				5F2A7F5B1AB73F12006F5CFB /* Tests */,
			);
			sourceTree = "<group>";
		};
		5F2A7F401AB73F12006F5CFB /* Products */ = {
			isa = PBXGroup;
			children = (
				5F2A7F3F1AB73F12006F5CFB /* ASCIImage Super Studio.app */,
				5F2A7F581AB73F12006F5CFB /* ASCIImage Super Studio Tests.xctest */,
				5FB8CA281AB98DB30047ECF3 /* ASCIImageQuickLook.qlgenerator */,
				5F2CD8C91ABDA7F0001A4B27 /* asciimage */,
			);
			name = Products;
			sourceTree = "<group>";
		};
		5F2A7F411AB73F12006F5CFB /* ASCIImage Super Studio */ = {
			isa = PBXGroup;
			children = (
				5F2CD8791ABD9D0F001A4B27 /* Rendering */,
				5FA20A201AB9D1D1006A0DC6 /* HockeySDK.framework */,
				5F01B7C01AB84FBD00EB02F4 /* MPASCIImageView.h */,
				5F01B7C11AB84FBD00EB02F4 /* MPASCIImageView.m */,
				5F7A91461AB7461B001E88DD /* MPASCIImageTextViewController.h */,
				5F7A91471AB7461B001E88DD /* MPASCIImageTextViewController.m */,
				5F7A91431AB745D4001E88DD /* MPASCIImagePreviewViewController.h */,
				5F7A91441AB745D4001E88DD /* MPASCIImagePreviewViewController.m */,
				5F2A7F441AB73F12006F5CFB /* MPASCIImaginationAppDelegate.h */,
				5F2A7F451AB73F12006F5CFB /* MPASCIImaginationAppDelegate.m */,
				5F2A7F491AB73F12006F5CFB /* MPASCIImageEditorViewController.h */,
				5F2A7F4A1AB73F12006F5CFB /* MPASCIImageEditorViewController.m */,
				5F2A7F4C1AB73F12006F5CFB /* MPASCIImageDocument.h */,
				5F2A7F4D1AB73F12006F5CFB /* MPASCIImageDocument.m */,
				5F2A7F4F1AB73F12006F5CFB /* Images.xcassets */,
				5F2A7F511AB73F12006F5CFB /* Main.storyboard */,
				5F2A7F421AB73F12006F5CFB /* Supporting Files */,
				5F7A915B1AB7B679001E88DD /* MPGeneralPreferencesViewController.h */,
				5F7A915C1AB7B679001E88DD /* MPGeneralPreferencesViewController.m */,
				5F7A915D1AB7B679001E88DD /* MPGeneralPreferencesViewController.xib */,
			);
			name = "ASCIImage Super Studio";
			path = ASCIImagination;
			sourceTree = "<group>";
		};
		5F2A7F421AB73F12006F5CFB /* Supporting Files */ = {
			isa = PBXGroup;
			children = (
				5F2A7F431AB73F12006F5CFB /* Info.plist */,
				5F2A7F471AB73F12006F5CFB /* main.m */,
			);
			name = "Supporting Files";
			sourceTree = "<group>";
		};
		5F2A7F5B1AB73F12006F5CFB /* Tests */ = {
			isa = PBXGroup;
			children = (
				5F2A7F5E1AB73F12006F5CFB /* ASCIImaginationTests.m */,
				5F2A7F5C1AB73F12006F5CFB /* Supporting Files */,
			);
			name = Tests;
			path = ASCIImaginationTests;
			sourceTree = "<group>";
		};
		5F2A7F5C1AB73F12006F5CFB /* Supporting Files */ = {
			isa = PBXGroup;
			children = (
				5F2A7F5D1AB73F12006F5CFB /* Info.plist */,
			);
			name = "Supporting Files";
			sourceTree = "<group>";
		};
		5F2CD8791ABD9D0F001A4B27 /* Rendering */ = {
			isa = PBXGroup;
			children = (
				5F2CD87E1ABD9D24001A4B27 /* MPLayeredASCIImageRenderer.h */,
				5F2CD87F1ABD9D24001A4B27 /* MPLayeredASCIImageRenderer.m */,
			);
			name = Rendering;
			sourceTree = "<group>";
		};
		5F2CD8AE1ABDA316001A4B27 /* Products */ = {
			isa = PBXGroup;
			children = (
				5F2CD8B71ABDA317001A4B27 /* desc */,
				5F2CD8B91ABDA317001A4B27 /* long-desc */,
				5F2CD8BB1ABDA317001A4B27 /* spiffy */,
				5F2CD8BD1ABDA317001A4B27 /* ArgumentParser-Dynamic.dylib */,
				5F2CD8BF1ABDA317001A4B27 /* libArgumentParser-Static.a */,
				5F2CD8C11ABDA317001A4B27 /* ArgumentParser-Dynamic Tests.xctest */,
			);
			name = Products;
			sourceTree = "<group>";
		};
		5F2CD8CA1ABDA7F0001A4B27 /* asciimage */ = {
			isa = PBXGroup;
			children = (
				5F2CD8CB1ABDA7F0001A4B27 /* main.m */,
			);
			path = asciimage;
			sourceTree = "<group>";
		};
		5F2CD8D91ABDA855001A4B27 /* Frameworks */ = {
			isa = PBXGroup;
			children = (
				5F2CD8AB1ABDA129001A4B27 /* Cocoa.framework */,
			);
			name = Frameworks;
			sourceTree = "<group>";
		};
		5F7A915A1AB7B608001E88DD /* MASPreferences */ = {
			isa = PBXGroup;
			children = (
				5F7A91541AB7B604001E88DD /* MASPreferencesViewController.h */,
				5F7A91551AB7B604001E88DD /* MASPreferencesWindow.xib */,
				5F7A91561AB7B604001E88DD /* MASPreferencesWindowController.h */,
				5F7A91571AB7B604001E88DD /* MASPreferencesWindowController.m */,
			);
			name = MASPreferences;
			sourceTree = "<group>";
		};
		5FA20A241AB9D3EA006A0DC6 /* External */ = {
			isa = PBXGroup;
			children = (
				5F2CD8AD1ABDA316001A4B27 /* ArgumentParser.xcodeproj */,
				5FA20A271AB9D577006A0DC6 /* Sparkle.xcodeproj */,
				5F01B7AD1AB7BB5400EB02F4 /* BFColorPickerPopover */,
				5F7A915A1AB7B608001E88DD /* MASPreferences */,
				5FA20A3C1AB9D57B006A0DC6 /* PARImage+ASCIIInput */,
			);
			name = External;
			sourceTree = "<group>";
		};
		5FA20A251AB9D3F9006A0DC6 /* Resources */ = {
			isa = PBXGroup;
			children = (
				5FA20A231AB9D3BD006A0DC6 /* ASCIImage Super Studio.entitlements */,
			);
			name = Resources;
			sourceTree = "<group>";
		};
		5FA20A261AB9D40D006A0DC6 /* Categories */ = {
			isa = PBXGroup;
			children = (
				5F7A91511AB75EE0001E88DD /* NSString+ASCII.h */,
				5F7A91521AB75EE0001E88DD /* NSString+ASCII.m */,
			);
			name = Categories;
			sourceTree = "<group>";
		};
		5FA20A281AB9D577006A0DC6 /* Products */ = {
			isa = PBXGroup;
			children = (
				5FA20A331AB9D578006A0DC6 /* Sparkle.framework */,
				5FA20A351AB9D578006A0DC6 /* Sparkle Test App.app */,
				5FA20A371AB9D578006A0DC6 /* Sparkle Unit Tests.octest */,
				5FA20A391AB9D578006A0DC6 /* BinaryDelta */,
				5FA20A3B1AB9D578006A0DC6 /* finish_installation.app */,
				5FA20A431AB9D6DE006A0DC6 /* com.andymatuschak.Sparkle.SandboxService.xpc */,
			);
			name = Products;
			sourceTree = "<group>";
		};
		5FA20A3C1AB9D57B006A0DC6 /* PARImage+ASCIIInput */ = {
			isa = PBXGroup;
			children = (
				5F7A914E1AB7591E001E88DD /* PARImage+ASCIIInput.h */,
				5F7A914F1AB7591E001E88DD /* PARImage+ASCIIInput.m */,
			);
			name = "PARImage+ASCIIInput";
			sourceTree = "<group>";
		};
		5FB8CA291AB98DB30047ECF3 /* QuickLook */ = {
			isa = PBXGroup;
			children = (
				5FB8CA361AB9955A0047ECF3 /* MPASCIImagePreviewUtility.h */,
				5FB8CA371AB9955A0047ECF3 /* MPASCIImagePreviewUtility.m */,
				5FB8CA2C1AB98DB30047ECF3 /* GenerateThumbnailForURL.m */,
				5FB8CA2E1AB98DB30047ECF3 /* GeneratePreviewForURL.m */,
				5FB8CA301AB98DB30047ECF3 /* main.c */,
				5FB8CA2A1AB98DB30047ECF3 /* Supporting Files */,
			);
			name = QuickLook;
			path = ASCIImageQuickLook;
			sourceTree = "<group>";
		};
		5FB8CA2A1AB98DB30047ECF3 /* Supporting Files */ = {
			isa = PBXGroup;
			children = (
				5FB8CA2B1AB98DB30047ECF3 /* Info.plist */,
			);
			name = "Supporting Files";
			sourceTree = "<group>";
		};
/* End PBXGroup section */

/* Begin PBXHeadersBuildPhase section */
		5FB8CA251AB98DB30047ECF3 /* Headers */ = {
			isa = PBXHeadersBuildPhase;
			buildActionMask = 2147483647;
			files = (
				5FB8CA381AB9955A0047ECF3 /* MPASCIImagePreviewUtility.h in Headers */,
			);
			runOnlyForDeploymentPostprocessing = 0;
		};
/* End PBXHeadersBuildPhase section */

/* Begin PBXNativeTarget section */
		5F2A7F3E1AB73F12006F5CFB /* ASCIImage Super Studio */ = {
			isa = PBXNativeTarget;
			buildConfigurationList = 5F2A7F621AB73F12006F5CFB /* Build configuration list for PBXNativeTarget "ASCIImage Super Studio" */;
			buildPhases = (
				5F2A7F3B1AB73F12006F5CFB /* Sources */,
				5F2A7F3C1AB73F12006F5CFB /* Frameworks */,
				5F2A7F3D1AB73F12006F5CFB /* Resources */,
				5FB8CA3A1AB997A10047ECF3 /* CopyFiles */,
				5FA20A1D1AB9D134006A0DC6 /* HockeyApp */,
				5FA20A481AB9D7BA006A0DC6 /* Copy Frameworks */,
				5FA20A401AB9D651006A0DC6 /* Copy XPC Services */,
				5FA20A471AB9D742006A0DC6 /* Codesign HockeySDK */,
				5F2CD88C1ABD9E6A001A4B27 /* CopyFiles */,
			);
			buildRules = (
			);
			dependencies = (
				5F2CD8D11ABDA803001A4B27 /* PBXTargetDependency */,
				5FA20A461AB9D6E5006A0DC6 /* PBXTargetDependency */,
				5FA20A3E1AB9D59C006A0DC6 /* PBXTargetDependency */,
				5FB8CA5B1AB99F220047ECF3 /* PBXTargetDependency */,
			);
			name = "ASCIImage Super Studio";
			productName = ASCIImagination;
			productReference = 5F2A7F3F1AB73F12006F5CFB /* ASCIImage Super Studio.app */;
			productType = "com.apple.product-type.application";
		};
		5F2A7F571AB73F12006F5CFB /* ASCIImage Super Studio Tests */ = {
			isa = PBXNativeTarget;
			buildConfigurationList = 5F2A7F651AB73F12006F5CFB /* Build configuration list for PBXNativeTarget "ASCIImage Super Studio Tests" */;
			buildPhases = (
				5F2A7F541AB73F12006F5CFB /* Sources */,
				5F2A7F551AB73F12006F5CFB /* Frameworks */,
				5F2A7F561AB73F12006F5CFB /* Resources */,
			);
			buildRules = (
			);
			dependencies = (
				5F2A7F5A1AB73F12006F5CFB /* PBXTargetDependency */,
			);
			name = "ASCIImage Super Studio Tests";
			productName = ASCIImaginationTests;
			productReference = 5F2A7F581AB73F12006F5CFB /* ASCIImage Super Studio Tests.xctest */;
			productType = "com.apple.product-type.bundle.unit-test";
		};
		5F2CD8C81ABDA7F0001A4B27 /* asciimage */ = {
			isa = PBXNativeTarget;
			buildConfigurationList = 5F2CD8CD1ABDA7F0001A4B27 /* Build configuration list for PBXNativeTarget "asciimage" */;
			buildPhases = (
				5F2CD8C51ABDA7F0001A4B27 /* Sources */,
				5F2CD8C61ABDA7F0001A4B27 /* Frameworks */,
				5F2CD8C71ABDA7F0001A4B27 /* CopyFiles */,
			);
			buildRules = (
			);
			dependencies = (
				5F2CD8D71ABDA82F001A4B27 /* PBXTargetDependency */,
			);
			name = asciimage;
			productName = asciimage;
			productReference = 5F2CD8C91ABDA7F0001A4B27 /* asciimage */;
			productType = "com.apple.product-type.tool";
		};
		5FB8CA271AB98DB30047ECF3 /* ASCIImageQuickLook */ = {
			isa = PBXNativeTarget;
			buildConfigurationList = 5FB8CA341AB98DB30047ECF3 /* Build configuration list for PBXNativeTarget "ASCIImageQuickLook" */;
			buildPhases = (
				5FB8CA231AB98DB30047ECF3 /* Sources */,
				5FB8CA241AB98DB30047ECF3 /* Frameworks */,
				5FB8CA251AB98DB30047ECF3 /* Headers */,
				5FB8CA261AB98DB30047ECF3 /* Resources */,
			);
			buildRules = (
			);
			dependencies = (
			);
			name = ASCIImageQuickLook;
			productName = ASCIImageQuickLook;
			productReference = 5FB8CA281AB98DB30047ECF3 /* ASCIImageQuickLook.qlgenerator */;
			productType = "com.apple.product-type.bundle";
		};
/* End PBXNativeTarget section */

/* Begin PBXProject section */
		5F2A7F371AB73F12006F5CFB /* Project object */ = {
			isa = PBXProject;
			attributes = {
				LastUpgradeCheck = 0620;
				ORGANIZATIONNAME = "Manuscripts.app Limited";
				TargetAttributes = {
					5F2A7F3E1AB73F12006F5CFB = {
						CreatedOnToolsVersion = 6.2;
						DevelopmentTeam = SJK358RN87;
						SystemCapabilities = {
							com.apple.Sandbox = {
								enabled = 1;
							};
						};
					};
					5F2A7F571AB73F12006F5CFB = {
						CreatedOnToolsVersion = 6.2;
						TestTargetID = 5F2A7F3E1AB73F12006F5CFB;
					};
					5F2CD8C81ABDA7F0001A4B27 = {
						CreatedOnToolsVersion = 6.1;
					};
					5FB8CA271AB98DB30047ECF3 = {
						CreatedOnToolsVersion = 6.2;
					};
				};
			};
			buildConfigurationList = 5F2A7F3A1AB73F12006F5CFB /* Build configuration list for PBXProject "ASCIImage Super Studio" */;
			compatibilityVersion = "Xcode 3.2";
			developmentRegion = English;
			hasScannedForEncodings = 0;
			knownRegions = (
				en,
				Base,
			);
			mainGroup = 5F2A7F361AB73F12006F5CFB;
			productRefGroup = 5F2A7F401AB73F12006F5CFB /* Products */;
			projectDirPath = "";
			projectReferences = (
				{
					ProductGroup = 5F2CD8AE1ABDA316001A4B27 /* Products */;
					ProjectRef = 5F2CD8AD1ABDA316001A4B27 /* ArgumentParser.xcodeproj */;
				},
				{
					ProductGroup = 5FA20A281AB9D577006A0DC6 /* Products */;
					ProjectRef = 5FA20A271AB9D577006A0DC6 /* Sparkle.xcodeproj */;
				},
			);
			projectRoot = "";
			targets = (
				5F2A7F3E1AB73F12006F5CFB /* ASCIImage Super Studio */,
				5F2A7F571AB73F12006F5CFB /* ASCIImage Super Studio Tests */,
				5FB8CA271AB98DB30047ECF3 /* ASCIImageQuickLook */,
				5F2CD8C81ABDA7F0001A4B27 /* asciimage */,
			);
		};
/* End PBXProject section */

/* Begin PBXReferenceProxy section */
		5F2CD8B71ABDA317001A4B27 /* desc */ = {
			isa = PBXReferenceProxy;
			fileType = "compiled.mach-o.executable";
			path = desc;
			remoteRef = 5F2CD8B61ABDA317001A4B27 /* PBXContainerItemProxy */;
			sourceTree = BUILT_PRODUCTS_DIR;
		};
		5F2CD8B91ABDA317001A4B27 /* long-desc */ = {
			isa = PBXReferenceProxy;
			fileType = "compiled.mach-o.executable";
			path = "long-desc";
			remoteRef = 5F2CD8B81ABDA317001A4B27 /* PBXContainerItemProxy */;
			sourceTree = BUILT_PRODUCTS_DIR;
		};
		5F2CD8BB1ABDA317001A4B27 /* spiffy */ = {
			isa = PBXReferenceProxy;
			fileType = "compiled.mach-o.executable";
			path = spiffy;
			remoteRef = 5F2CD8BA1ABDA317001A4B27 /* PBXContainerItemProxy */;
			sourceTree = BUILT_PRODUCTS_DIR;
		};
		5F2CD8BD1ABDA317001A4B27 /* ArgumentParser-Dynamic.dylib */ = {
			isa = PBXReferenceProxy;
			fileType = "compiled.mach-o.dylib";
			path = "ArgumentParser-Dynamic.dylib";
			remoteRef = 5F2CD8BC1ABDA317001A4B27 /* PBXContainerItemProxy */;
			sourceTree = BUILT_PRODUCTS_DIR;
		};
		5F2CD8BF1ABDA317001A4B27 /* libArgumentParser-Static.a */ = {
			isa = PBXReferenceProxy;
			fileType = archive.ar;
			path = "libArgumentParser-Static.a";
			remoteRef = 5F2CD8BE1ABDA317001A4B27 /* PBXContainerItemProxy */;
			sourceTree = BUILT_PRODUCTS_DIR;
		};
		5F2CD8C11ABDA317001A4B27 /* ArgumentParser-Dynamic Tests.xctest */ = {
			isa = PBXReferenceProxy;
			fileType = wrapper.cfbundle;
			path = "ArgumentParser-Dynamic Tests.xctest";
			remoteRef = 5F2CD8C01ABDA317001A4B27 /* PBXContainerItemProxy */;
			sourceTree = BUILT_PRODUCTS_DIR;
		};
		5FA20A331AB9D578006A0DC6 /* Sparkle.framework */ = {
			isa = PBXReferenceProxy;
			fileType = wrapper.framework;
			path = Sparkle.framework;
			remoteRef = 5FA20A321AB9D578006A0DC6 /* PBXContainerItemProxy */;
			sourceTree = BUILT_PRODUCTS_DIR;
		};
		5FA20A351AB9D578006A0DC6 /* Sparkle Test App.app */ = {
			isa = PBXReferenceProxy;
			fileType = wrapper.application;
			path = "Sparkle Test App.app";
			remoteRef = 5FA20A341AB9D578006A0DC6 /* PBXContainerItemProxy */;
			sourceTree = BUILT_PRODUCTS_DIR;
		};
		5FA20A371AB9D578006A0DC6 /* Sparkle Unit Tests.octest */ = {
			isa = PBXReferenceProxy;
			fileType = wrapper.cfbundle;
			path = "Sparkle Unit Tests.octest";
			remoteRef = 5FA20A361AB9D578006A0DC6 /* PBXContainerItemProxy */;
			sourceTree = BUILT_PRODUCTS_DIR;
		};
		5FA20A391AB9D578006A0DC6 /* BinaryDelta */ = {
			isa = PBXReferenceProxy;
			fileType = "compiled.mach-o.executable";
			path = BinaryDelta;
			remoteRef = 5FA20A381AB9D578006A0DC6 /* PBXContainerItemProxy */;
			sourceTree = BUILT_PRODUCTS_DIR;
		};
		5FA20A3B1AB9D578006A0DC6 /* finish_installation.app */ = {
			isa = PBXReferenceProxy;
			fileType = wrapper.application;
			path = finish_installation.app;
			remoteRef = 5FA20A3A1AB9D578006A0DC6 /* PBXContainerItemProxy */;
			sourceTree = BUILT_PRODUCTS_DIR;
		};
		5FA20A431AB9D6DE006A0DC6 /* com.andymatuschak.Sparkle.SandboxService.xpc */ = {
			isa = PBXReferenceProxy;
			fileType = wrapper.cfbundle;
			path = com.andymatuschak.Sparkle.SandboxService.xpc;
			remoteRef = 5FA20A421AB9D6DE006A0DC6 /* PBXContainerItemProxy */;
			sourceTree = BUILT_PRODUCTS_DIR;
		};
/* End PBXReferenceProxy section */

/* Begin PBXResourcesBuildPhase section */
		5F2A7F3D1AB73F12006F5CFB /* Resources */ = {
			isa = PBXResourcesBuildPhase;
			buildActionMask = 2147483647;
			files = (
				5F2A7F501AB73F12006F5CFB /* Images.xcassets in Resources */,
				5F2A7F531AB73F12006F5CFB /* Main.storyboard in Resources */,
				5F7A91581AB7B604001E88DD /* MASPreferencesWindow.xib in Resources */,
				5F7A915F1AB7B679001E88DD /* MPGeneralPreferencesViewController.xib in Resources */,
			);
			runOnlyForDeploymentPostprocessing = 0;
		};
		5F2A7F561AB73F12006F5CFB /* Resources */ = {
			isa = PBXResourcesBuildPhase;
			buildActionMask = 2147483647;
			files = (
			);
			runOnlyForDeploymentPostprocessing = 0;
		};
		5FB8CA261AB98DB30047ECF3 /* Resources */ = {
			isa = PBXResourcesBuildPhase;
			buildActionMask = 2147483647;
			files = (
			);
			runOnlyForDeploymentPostprocessing = 0;
		};
/* End PBXResourcesBuildPhase section */

/* Begin PBXShellScriptBuildPhase section */
		5FA20A1D1AB9D134006A0DC6 /* HockeyApp */ = {
			isa = PBXShellScriptBuildPhase;
			buildActionMask = 2147483647;
			files = (
			);
			inputPaths = (
			);
			name = HockeyApp;
			outputPaths = (
			);
			runOnlyForDeploymentPostprocessing = 0;
			shellPath = /bin/sh;
			shellScript = "FILE=\"${SRCROOT}/Libraries/HockeySDK-Mac/BuildAgent\"\nif [ -f \"$FILE\" ]; then\n\"$FILE\"\nfi";
		};
		5FA20A471AB9D742006A0DC6 /* Codesign HockeySDK */ = {
			isa = PBXShellScriptBuildPhase;
			buildActionMask = 2147483647;
			files = (
			);
			inputPaths = (
			);
			name = "Codesign HockeySDK";
			outputPaths = (
			);
			runOnlyForDeploymentPostprocessing = 0;
			shellPath = /bin/sh;
			shellScript = "LOCATION=\"${BUILT_PRODUCTS_DIR}\"/\"${FRAMEWORKS_FOLDER_PATH}\"\nIDENTITY=\"Developer ID Application: Manuscripts.app Limited\"\ncodesign --verbose --force --sign \"$IDENTITY\" \"$LOCATION\"/HockeySDK.framework/Versions/A/Frameworks/CrashReporter.framework\ncodesign --verbose --force --sign \"$IDENTITY\" \"$LOCATION\"/HockeySDK.framework/Versions/A";
		};
/* End PBXShellScriptBuildPhase section */

/* Begin PBXSourcesBuildPhase section */
		5F2A7F3B1AB73F12006F5CFB /* Sources */ = {
			isa = PBXSourcesBuildPhase;
			buildActionMask = 2147483647;
			files = (
				5F01B7BD1AB7BD4700EB02F4 /* BFColorPickerPopoverView.m in Sources */,
				5F01B7BE1AB7BD4700EB02F4 /* BFColorPickerViewController.m in Sources */,
				5F01B7C21AB84FBD00EB02F4 /* MPASCIImageView.m in Sources */,
				5F7A91491AB7461B001E88DD /* MPASCIImageTextViewController.m in Sources */,
				5F01B7B51AB7BD3F00EB02F4 /* NSColorPanel+BFColorPickerPopover.m in Sources */,
				5F01B7B41AB7BD3F00EB02F4 /* NSColor+BFColorPickerPopover.m in Sources */,
				5F01B7AB1AB7BB4F00EB02F4 /* BFColorPickerPopover.m in Sources */,
				5F2CD8801ABD9D24001A4B27 /* MPLayeredASCIImageRenderer.m in Sources */,
				5F01B7BF1AB7BD4700EB02F4 /* BFIconTabBar.m in Sources */,
				5F7A915E1AB7B679001E88DD /* MPGeneralPreferencesViewController.m in Sources */,
				5F7A91501AB7591E001E88DD /* PARImage+ASCIIInput.m in Sources */,
				5F01B7B61AB7BD3F00EB02F4 /* NSColorWell+BFColorPickerPopover.m in Sources */,
				5F2A7F4E1AB73F12006F5CFB /* MPASCIImageDocument.m in Sources */,
				5F01B7AC1AB7BB4F00EB02F4 /* BFPopoverColorWell.m in Sources */,
				5F2A7F4B1AB73F12006F5CFB /* MPASCIImageEditorViewController.m in Sources */,
				5F7A91591AB7B604001E88DD /* MASPreferencesWindowController.m in Sources */,
				5F2A7F481AB73F12006F5CFB /* main.m in Sources */,
				5F2A7F461AB73F12006F5CFB /* MPASCIImaginationAppDelegate.m in Sources */,
				5F7A91451AB745D4001E88DD /* MPASCIImagePreviewViewController.m in Sources */,
				5F7A91531AB75EE0001E88DD /* NSString+ASCII.m in Sources */,
			);
			runOnlyForDeploymentPostprocessing = 0;
		};
		5F2A7F541AB73F12006F5CFB /* Sources */ = {
			isa = PBXSourcesBuildPhase;
			buildActionMask = 2147483647;
			files = (
				5F2A7F5F1AB73F12006F5CFB /* ASCIImaginationTests.m in Sources */,
			);
			runOnlyForDeploymentPostprocessing = 0;
		};
		5F2CD8C51ABDA7F0001A4B27 /* Sources */ = {
			isa = PBXSourcesBuildPhase;
			buildActionMask = 2147483647;
			files = (
				5F2CD8D31ABDA822001A4B27 /* MPLayeredASCIImageRenderer.m in Sources */,
				5F2CD8CC1ABDA7F0001A4B27 /* main.m in Sources */,
				5F2CD8D41ABDA825001A4B27 /* PARImage+ASCIIInput.m in Sources */,
				5F2CD8DA1ABDAE7A001A4B27 /* NSString+ASCII.m in Sources */,
			);
			runOnlyForDeploymentPostprocessing = 0;
		};
		5FB8CA231AB98DB30047ECF3 /* Sources */ = {
			isa = PBXSourcesBuildPhase;
			buildActionMask = 2147483647;
			files = (
				5FB8CA2D1AB98DB30047ECF3 /* GenerateThumbnailForURL.m in Sources */,
				5FB8CA391AB9955A0047ECF3 /* MPASCIImagePreviewUtility.m in Sources */,
				5FB8CA2F1AB98DB30047ECF3 /* GeneratePreviewForURL.m in Sources */,
				5FB8CA351AB98EFC0047ECF3 /* PARImage+ASCIIInput.m in Sources */,
				5FB8CA311AB98DB30047ECF3 /* main.c in Sources */,
			);
			runOnlyForDeploymentPostprocessing = 0;
		};
/* End PBXSourcesBuildPhase section */

/* Begin PBXTargetDependency section */
		5F2A7F5A1AB73F12006F5CFB /* PBXTargetDependency */ = {
			isa = PBXTargetDependency;
			target = 5F2A7F3E1AB73F12006F5CFB /* ASCIImage Super Studio */;
			targetProxy = 5F2A7F591AB73F12006F5CFB /* PBXContainerItemProxy */;
		};
		5F2CD8D11ABDA803001A4B27 /* PBXTargetDependency */ = {
			isa = PBXTargetDependency;
			target = 5F2CD8C81ABDA7F0001A4B27 /* asciimage */;
			targetProxy = 5F2CD8D01ABDA803001A4B27 /* PBXContainerItemProxy */;
		};
		5F2CD8D71ABDA82F001A4B27 /* PBXTargetDependency */ = {
			isa = PBXTargetDependency;
			name = "ArgumentParser-Static";
			targetProxy = 5F2CD8D61ABDA82F001A4B27 /* PBXContainerItemProxy */;
		};
		5FA20A3E1AB9D59C006A0DC6 /* PBXTargetDependency */ = {
			isa = PBXTargetDependency;
			name = Sparkle;
			targetProxy = 5FA20A3D1AB9D59C006A0DC6 /* PBXContainerItemProxy */;
		};
		5FA20A461AB9D6E5006A0DC6 /* PBXTargetDependency */ = {
			isa = PBXTargetDependency;
			name = sandbox_service;
			targetProxy = 5FA20A451AB9D6E5006A0DC6 /* PBXContainerItemProxy */;
		};
		5FB8CA5B1AB99F220047ECF3 /* PBXTargetDependency */ = {
			isa = PBXTargetDependency;
			target = 5FB8CA271AB98DB30047ECF3 /* ASCIImageQuickLook */;
			targetProxy = 5FB8CA5A1AB99F220047ECF3 /* PBXContainerItemProxy */;
		};
/* End PBXTargetDependency section */

/* Begin PBXVariantGroup section */
		5F2A7F511AB73F12006F5CFB /* Main.storyboard */ = {
			isa = PBXVariantGroup;
			children = (
				5F2A7F521AB73F12006F5CFB /* Base */,
			);
			name = Main.storyboard;
			sourceTree = "<group>";
		};
/* End PBXVariantGroup section */

/* Begin XCBuildConfiguration section */
		5F2A7F601AB73F12006F5CFB /* Debug */ = {
			isa = XCBuildConfiguration;
			buildSettings = {
				ALWAYS_SEARCH_USER_PATHS = NO;
				CLANG_CXX_LANGUAGE_STANDARD = "gnu++0x";
				CLANG_CXX_LIBRARY = "libc++";
				CLANG_ENABLE_MODULES = YES;
				CLANG_ENABLE_OBJC_ARC = YES;
				CLANG_WARN_BOOL_CONVERSION = YES;
				CLANG_WARN_CONSTANT_CONVERSION = YES;
				CLANG_WARN_DIRECT_OBJC_ISA_USAGE = YES_ERROR;
				CLANG_WARN_EMPTY_BODY = YES;
				CLANG_WARN_ENUM_CONVERSION = YES;
				CLANG_WARN_INT_CONVERSION = YES;
				CLANG_WARN_OBJC_ROOT_CLASS = YES_ERROR;
				CLANG_WARN_UNREACHABLE_CODE = YES;
				CLANG_WARN__DUPLICATE_METHOD_MATCH = YES;
				CODE_SIGN_IDENTITY = "-";
				COPY_PHASE_STRIP = NO;
				ENABLE_STRICT_OBJC_MSGSEND = YES;
				GCC_C_LANGUAGE_STANDARD = gnu99;
				GCC_DYNAMIC_NO_PIC = NO;
				GCC_OPTIMIZATION_LEVEL = 0;
				GCC_PREPROCESSOR_DEFINITIONS = (
					"DEBUG=1",
					"$(inherited)",
				);
				GCC_SYMBOLS_PRIVATE_EXTERN = NO;
				GCC_WARN_64_TO_32_BIT_CONVERSION = YES;
				GCC_WARN_ABOUT_RETURN_TYPE = YES_ERROR;
				GCC_WARN_UNDECLARED_SELECTOR = YES;
				GCC_WARN_UNINITIALIZED_AUTOS = YES_AGGRESSIVE;
				GCC_WARN_UNUSED_FUNCTION = YES;
				GCC_WARN_UNUSED_VARIABLE = YES;
				MACOSX_DEPLOYMENT_TARGET = 10.10;
				MTL_ENABLE_DEBUG_INFO = YES;
				ONLY_ACTIVE_ARCH = YES;
				SDKROOT = macosx;
			};
			name = Debug;
		};
		5F2A7F611AB73F12006F5CFB /* Release */ = {
			isa = XCBuildConfiguration;
			buildSettings = {
				ALWAYS_SEARCH_USER_PATHS = NO;
				CLANG_CXX_LANGUAGE_STANDARD = "gnu++0x";
				CLANG_CXX_LIBRARY = "libc++";
				CLANG_ENABLE_MODULES = YES;
				CLANG_ENABLE_OBJC_ARC = YES;
				CLANG_WARN_BOOL_CONVERSION = YES;
				CLANG_WARN_CONSTANT_CONVERSION = YES;
				CLANG_WARN_DIRECT_OBJC_ISA_USAGE = YES_ERROR;
				CLANG_WARN_EMPTY_BODY = YES;
				CLANG_WARN_ENUM_CONVERSION = YES;
				CLANG_WARN_INT_CONVERSION = YES;
				CLANG_WARN_OBJC_ROOT_CLASS = YES_ERROR;
				CLANG_WARN_UNREACHABLE_CODE = YES;
				CLANG_WARN__DUPLICATE_METHOD_MATCH = YES;
				CODE_SIGN_IDENTITY = "-";
				COPY_PHASE_STRIP = NO;
				DEBUG_INFORMATION_FORMAT = "dwarf-with-dsym";
				ENABLE_NS_ASSERTIONS = NO;
				ENABLE_STRICT_OBJC_MSGSEND = YES;
				GCC_C_LANGUAGE_STANDARD = gnu99;
				GCC_WARN_64_TO_32_BIT_CONVERSION = YES;
				GCC_WARN_ABOUT_RETURN_TYPE = YES_ERROR;
				GCC_WARN_UNDECLARED_SELECTOR = YES;
				GCC_WARN_UNINITIALIZED_AUTOS = YES_AGGRESSIVE;
				GCC_WARN_UNUSED_FUNCTION = YES;
				GCC_WARN_UNUSED_VARIABLE = YES;
				MACOSX_DEPLOYMENT_TARGET = 10.10;
				MTL_ENABLE_DEBUG_INFO = NO;
				SDKROOT = macosx;
			};
			name = Release;
		};
		5F2A7F631AB73F12006F5CFB /* Debug */ = {
			isa = XCBuildConfiguration;
			buildSettings = {
				ASSETCATALOG_COMPILER_APPICON_NAME = AppIcon;
				CODE_SIGN_ENTITLEMENTS = "ASCIImage Super Studio.entitlements";
				CODE_SIGN_IDENTITY = "Developer ID Application";
				COMBINE_HIDPI_IMAGES = YES;
				DSTROOT = "${HOME}";
				FRAMEWORK_SEARCH_PATHS = (
					"$(inherited)",
					"$(PROJECT_DIR)/External/ASCIImage/HockeySDK-Mac",
					"$(PROJECT_DIR)/Libraries/HockeySDK-Mac",
				);
				INFOPLIST_FILE = ASCIImagination/Info.plist;
				LD_RUNPATH_SEARCH_PATHS = "$(inherited) @executable_path/../Frameworks";
				PRODUCT_NAME = "$(TARGET_NAME)";
			};
			name = Debug;
		};
		5F2A7F641AB73F12006F5CFB /* Release */ = {
			isa = XCBuildConfiguration;
			buildSettings = {
				ASSETCATALOG_COMPILER_APPICON_NAME = AppIcon;
				CODE_SIGN_ENTITLEMENTS = "ASCIImage Super Studio.entitlements";
				CODE_SIGN_IDENTITY = "Developer ID Application";
				COMBINE_HIDPI_IMAGES = YES;
				DSTROOT = "${HOME}";
				FRAMEWORK_SEARCH_PATHS = (
					"$(inherited)",
					"$(PROJECT_DIR)/External/ASCIImage/HockeySDK-Mac",
					"$(PROJECT_DIR)/Libraries/HockeySDK-Mac",
				);
				INFOPLIST_FILE = ASCIImagination/Info.plist;
				LD_RUNPATH_SEARCH_PATHS = "$(inherited) @executable_path/../Frameworks";
				PRODUCT_NAME = "$(TARGET_NAME)";
			};
			name = Release;
		};
		5F2A7F661AB73F12006F5CFB /* Debug */ = {
			isa = XCBuildConfiguration;
			buildSettings = {
				BUNDLE_LOADER = "$(TEST_HOST)";
				COMBINE_HIDPI_IMAGES = YES;
				FRAMEWORK_SEARCH_PATHS = (
					"$(DEVELOPER_FRAMEWORKS_DIR)",
					"$(inherited)",
				);
				GCC_PREPROCESSOR_DEFINITIONS = (
					"DEBUG=1",
					"$(inherited)",
				);
				INFOPLIST_FILE = ASCIImaginationTests/Info.plist;
				LD_RUNPATH_SEARCH_PATHS = "$(inherited) @executable_path/../Frameworks @loader_path/../Frameworks";
				PRODUCT_NAME = "$(TARGET_NAME)";
				TEST_HOST = "\"$(BUILT_PRODUCTS_DIR)/ASCIImage Super Studio.app/Contents/MacOS/ASCIImage Super Studio\"";
			};
			name = Debug;
		};
		5F2A7F671AB73F12006F5CFB /* Release */ = {
			isa = XCBuildConfiguration;
			buildSettings = {
				BUNDLE_LOADER = "$(TEST_HOST)";
				COMBINE_HIDPI_IMAGES = YES;
				FRAMEWORK_SEARCH_PATHS = (
					"$(DEVELOPER_FRAMEWORKS_DIR)",
					"$(inherited)",
				);
				INFOPLIST_FILE = ASCIImaginationTests/Info.plist;
				LD_RUNPATH_SEARCH_PATHS = "$(inherited) @executable_path/../Frameworks @loader_path/../Frameworks";
				PRODUCT_NAME = "$(TARGET_NAME)";
				TEST_HOST = "\"$(BUILT_PRODUCTS_DIR)/ASCIImage Super Studio.app/Contents/MacOS/ASCIImage Super Studio\"";
			};
			name = Release;
		};
		5F2CD8CE1ABDA7F0001A4B27 /* Debug */ = {
			isa = XCBuildConfiguration;
			buildSettings = {
				GCC_PREPROCESSOR_DEFINITIONS = (
					"DEBUG=1",
					"$(inherited)",
				);
				HEADER_SEARCH_PATHS = (
					"$(inherited)",
					/Applications/Xcode.app/Contents/Developer/Toolchains/XcodeDefault.xctoolchain/usr/include,
					"${SRCROOT}/External/ArgumentParser/ArgumentParser",
				);
				OTHER_LDFLAGS = "-ObjC";
				PRODUCT_NAME = "$(TARGET_NAME)";
			};
			name = Debug;
		};
		5F2CD8CF1ABDA7F0001A4B27 /* Release */ = {
			isa = XCBuildConfiguration;
			buildSettings = {
				COPY_PHASE_STRIP = YES;
				HEADER_SEARCH_PATHS = (
					"$(inherited)",
					/Applications/Xcode.app/Contents/Developer/Toolchains/XcodeDefault.xctoolchain/usr/include,
					"${SRCROOT}/External/ArgumentParser/ArgumentParser",
				);
				OTHER_LDFLAGS = "-ObjC";
				PRODUCT_NAME = "$(TARGET_NAME)";
			};
			name = Release;
		};
		5FB8CA321AB98DB30047ECF3 /* Debug */ = {
			isa = XCBuildConfiguration;
			buildSettings = {
				CODE_SIGN_IDENTITY = "Developer ID Application: Manuscripts.app Limited (SJK358RN87)";
				COMBINE_HIDPI_IMAGES = YES;
				GCC_PREPROCESSOR_DEFINITIONS = (
					"DEBUG=1",
					"$(inherited)",
				);
				INFOPLIST_FILE = ASCIImageQuickLook/Info.plist;
				INSTALL_PATH = /Library/QuickLook;
				PRODUCT_NAME = "$(TARGET_NAME)";
				SKIP_INSTALL = YES;
				WRAPPER_EXTENSION = qlgenerator;
			};
			name = Debug;
		};
		5FB8CA331AB98DB30047ECF3 /* Release */ = {
			isa = XCBuildConfiguration;
			buildSettings = {
				CODE_SIGN_IDENTITY = "Developer ID Application: Manuscripts.app Limited (SJK358RN87)";
				COMBINE_HIDPI_IMAGES = YES;
				INFOPLIST_FILE = ASCIImageQuickLook/Info.plist;
				INSTALL_PATH = /Library/QuickLook;
				PRODUCT_NAME = "$(TARGET_NAME)";
				SKIP_INSTALL = YES;
				WRAPPER_EXTENSION = qlgenerator;
			};
			name = Release;
		};
/* End XCBuildConfiguration section */

/* Begin XCConfigurationList section */
		5F2A7F3A1AB73F12006F5CFB /* Build configuration list for PBXProject "ASCIImage Super Studio" */ = {
			isa = XCConfigurationList;
			buildConfigurations = (
				5F2A7F601AB73F12006F5CFB /* Debug */,
				5F2A7F611AB73F12006F5CFB /* Release */,
			);
			defaultConfigurationIsVisible = 0;
			defaultConfigurationName = Release;
		};
		5F2A7F621AB73F12006F5CFB /* Build configuration list for PBXNativeTarget "ASCIImage Super Studio" */ = {
			isa = XCConfigurationList;
			buildConfigurations = (
				5F2A7F631AB73F12006F5CFB /* Debug */,
				5F2A7F641AB73F12006F5CFB /* Release */,
			);
			defaultConfigurationIsVisible = 0;
			defaultConfigurationName = Release;
		};
		5F2A7F651AB73F12006F5CFB /* Build configuration list for PBXNativeTarget "ASCIImage Super Studio Tests" */ = {
			isa = XCConfigurationList;
			buildConfigurations = (
				5F2A7F661AB73F12006F5CFB /* Debug */,
				5F2A7F671AB73F12006F5CFB /* Release */,
			);
			defaultConfigurationIsVisible = 0;
			defaultConfigurationName = Release;
		};
		5F2CD8CD1ABDA7F0001A4B27 /* Build configuration list for PBXNativeTarget "asciimage" */ = {
			isa = XCConfigurationList;
			buildConfigurations = (
				5F2CD8CE1ABDA7F0001A4B27 /* Debug */,
				5F2CD8CF1ABDA7F0001A4B27 /* Release */,
			);
			defaultConfigurationIsVisible = 0;
		};
		5FB8CA341AB98DB30047ECF3 /* Build configuration list for PBXNativeTarget "ASCIImageQuickLook" */ = {
			isa = XCConfigurationList;
			buildConfigurations = (
				5FB8CA321AB98DB30047ECF3 /* Debug */,
				5FB8CA331AB98DB30047ECF3 /* Release */,
			);
			defaultConfigurationIsVisible = 0;
			defaultConfigurationName = Release;
		};
/* End XCConfigurationList section */
	};
	rootObject = 5F2A7F371AB73F12006F5CFB /* Project object */;
}
